
Microsoft Visual Studio Solution File, Format Version 12.00
# Visual Studio Version 17
VisualStudioVersion = 17.14.36109.1
MinimumVisualStudioVersion = 10.0.40219.1
Project("{FAE04EC0-301F-11D3-BF4B-00C04F79EFBC}") = "1_RelationDB", "RelationDB\1_RelationDB.csproj", "{FB4FF304-1C00-46CE-890F-0BAE4AFFA6A7}"
EndProject
Project("{FAE04EC0-301F-11D3-BF4B-00C04F79EFBC}") = "2_DeleteBehavior", "2_DeleteBehavior\2_DeleteBehavior.csproj", "{0280DF6E-B05C-4E8D-949C-437B51EC5889}"
EndProject
Project("{FAE04EC0-301F-11D3-BF4B-00C04F79EFBC}") = "Loading_data", "Loading_data\Loading_data.csproj", "{94F7496C-CCE4-4699-948F-9AC7FBE8F714}"
EndProject
Project("{FAE04EC0-301F-11D3-BF4B-00C04F79EFBC}") = "OneToOne", "OneToOne\OneToOne.csproj", "{2FEA8456-3BEF-4E61-AA71-BADC032EF3FE}"
EndProject
Project("{FAE04EC0-301F-11D3-BF4B-00C04F79EFBC}") = "ManyToMany", "ManyToMany\ManyToMany.csproj", "{0AD12E4E-AE75-4FE6-A785-03915A36590C}"
EndProject
Project("{FAE04EC0-301F-11D3-BF4B-00C04F79EFBC}") = "ManyToMany_new", "ManyToMany_new\ManyToMany_new.csproj", "{3EFAC277-60BB-4D71-A756-22D784A61D13}"
EndProject
Global
	GlobalSection(SolutionConfigurationPlatforms) = preSolution
		Debug|Any CPU = Debug|Any CPU
		Release|Any CPU = Release|Any CPU
	EndGlobalSection
	GlobalSection(ProjectConfigurationPlatforms) = postSolution
		{FB4FF304-1C00-46CE-890F-0BAE4AFFA6A7}.Debug|Any CPU.ActiveCfg = Debug|Any CPU
		{FB4FF304-1C00-46CE-890F-0BAE4AFFA6A7}.Debug|Any CPU.Build.0 = Debug|Any CPU
		{FB4FF304-1C00-46CE-890F-0BAE4AFFA6A7}.Release|Any CPU.ActiveCfg = Release|Any CPU
		{FB4FF304-1C00-46CE-890F-0BAE4AFFA6A7}.Release|Any CPU.Build.0 = Release|Any CPU
		{0280DF6E-B05C-4E8D-949C-437B51EC5889}.Debug|Any CPU.ActiveCfg = Debug|Any CPU
		{0280DF6E-B05C-4E8D-949C-437B51EC5889}.Debug|Any CPU.Build.0 = Debug|Any CPU
		{0280DF6E-B05C-4E8D-949C-437B51EC5889}.Release|Any CPU.ActiveCfg = Release|Any CPU
		{0280DF6E-B05C-4E8D-949C-437B51EC5889}.Release|Any CPU.Build.0 = Release|Any CPU
		{94F7496C-CCE4-4699-948F-9AC7FBE8F714}.Debug|Any CPU.ActiveCfg = Debug|Any CPU
		{94F7496C-CCE4-4699-948F-9AC7FBE8F714}.Debug|Any CPU.Build.0 = Debug|Any CPU
		{94F7496C-CCE4-4699-948F-9AC7FBE8F714}.Release|Any CPU.ActiveCfg = Release|Any CPU
		{94F7496C-CCE4-4699-948F-9AC7FBE8F714}.Release|Any CPU.Build.0 = Release|Any CPU
		{2FEA8456-3BEF-4E61-AA71-BADC032EF3FE}.Debug|Any CPU.ActiveCfg = Debug|Any CPU
		{2FEA8456-3BEF-4E61-AA71-BADC032EF3FE}.Debug|Any CPU.Build.0 = Debug|Any CPU
		{2FEA8456-3BEF-4E61-AA71-BADC032EF3FE}.Release|Any CPU.ActiveCfg = Release|Any CPU
		{2FEA8456-3BEF-4E61-AA71-BADC032EF3FE}.Release|Any CPU.Build.0 = Release|Any CPU
		{0AD12E4E-AE75-4FE6-A785-03915A36590C}.Debug|Any CPU.ActiveCfg = Debug|Any CPU
		{0AD12E4E-AE75-4FE6-A785-03915A36590C}.Debug|Any CPU.Build.0 = Debug|Any CPU
		{0AD12E4E-AE75-4FE6-A785-03915A36590C}.Release|Any CPU.ActiveCfg = Release|Any CPU
		{0AD12E4E-AE75-4FE6-A785-03915A36590C}.Release|Any CPU.Build.0 = Release|Any CPU
		{3EFAC277-60BB-4D71-A756-22D784A61D13}.Debug|Any CPU.ActiveCfg = Debug|Any CPU
		{3EFAC277-60BB-4D71-A756-22D784A61D13}.Debug|Any CPU.Build.0 = Debug|Any CPU
		{3EFAC277-60BB-4D71-A756-22D784A61D13}.Release|Any CPU.ActiveCfg = Release|Any CPU
		{3EFAC277-60BB-4D71-A756-22D784A61D13}.Release|Any CPU.Build.0 = Release|Any CPU
	EndGlobalSection
	GlobalSection(SolutionProperties) = preSolution
		HideSolutionNode = FALSE
	EndGlobalSection
	GlobalSection(ExtensibilityGlobals) = postSolution
		SolutionGuid = {39F24D77-71E9-4207-A534-45A6A363636C}
	EndGlobalSection
EndGlobal
